
Microsoft Visual Studio Solution File, Format Version 12.00
# Visual Studio Version 17
VisualStudioVersion = 17.0.32002.185
MinimumVisualStudioVersion = 10.0.40219.1
Project("{8BC9CEB8-8B4A-11D0-8D11-00A0C91BC942}") = "PrimeiroCodigo", "PrimeiroCodigo.vcxproj", "{3DB6F57D-1313-43FC-8D6E-900F4BB515B2}"
EndProject
Global
	GlobalSection(SolutionConfigurationPlatforms) = preSolution
		Debug|x64 = Debug|x64
		Debug|x86 = Debug|x86
		Release|x64 = Release|x64
		Release|x86 = Release|x86
	EndGlobalSection
	GlobalSection(ProjectConfigurationPlatforms) = postSolution
		{3DB6F57D-1313-43FC-8D6E-900F4BB515B2}.Debug|x64.ActiveCfg = Debug|x64
		{3DB6F57D-1313-43FC-8D6E-900F4BB515B2}.Debug|x64.Build.0 = Debug|x64
		{3DB6F57D-1313-43FC-8D6E-900F4BB515B2}.Debug|x86.ActiveCfg = Debug|Win32
		{3DB6F57D-1313-43FC-8D6E-900F4BB515B2}.Debug|x86.Build.0 = Debug|Win32
		{3DB6F57D-1313-43FC-8D6E-900F4BB515B2}.Release|x64.ActiveCfg = Release|x64
		{3DB6F57D-1313-43FC-8D6E-900F4BB515B2}.Release|x64.Build.0 = Release|x64
		{3DB6F57D-1313-43FC-8D6E-900F4BB515B2}.Release|x86.ActiveCfg = Release|Win32
		{3DB6F57D-1313-43FC-8D6E-900F4BB515B2}.Release|x86.Build.0 = Release|Win32
	EndGlobalSection
	GlobalSection(SolutionProperties) = preSolution
		HideSolutionNode = FALSE
	EndGlobalSection
	GlobalSection(ExtensibilityGlobals) = postSolution
		SolutionGuid = {71290DD0-8987-4B5C-8936-FA462EC77CF4}
	EndGlobalSection
EndGlobal
